// !$*UTF8*$!
{
	archiveVersion = 1;
	classes = {
	};
	objectVersion = 50;
	objects = {

/* Begin PBXBuildFile section */
		A55F505F2ABEF5344CAD3FA0 /* Pods_AtWork.framework in Frameworks */ = {isa = PBXBuildFile; fileRef = CB961AE095F295DB74AC91C4 /* Pods_AtWork.framework */; };
		D86FC5872170632C0010E2D0 /* AppDelegate.swift in Sources */ = {isa = PBXBuildFile; fileRef = D86FC5862170632C0010E2D0 /* AppDelegate.swift */; };
		D86FC5892170632C0010E2D0 /* MainViewController.swift in Sources */ = {isa = PBXBuildFile; fileRef = D86FC5882170632C0010E2D0 /* MainViewController.swift */; };
		D86FC58C2170632C0010E2D0 /* Main.storyboard in Resources */ = {isa = PBXBuildFile; fileRef = D86FC58A2170632C0010E2D0 /* Main.storyboard */; };
		D86FC58E2170632E0010E2D0 /* Assets.xcassets in Resources */ = {isa = PBXBuildFile; fileRef = D86FC58D2170632E0010E2D0 /* Assets.xcassets */; };
		D86FC5912170632E0010E2D0 /* LaunchScreen.storyboard in Resources */ = {isa = PBXBuildFile; fileRef = D86FC58F2170632E0010E2D0 /* LaunchScreen.storyboard */; };
		D86FC59D217065B40010E2D0 /* Tool.swift in Sources */ = {isa = PBXBuildFile; fileRef = D86FC59C217065B40010E2D0 /* Tool.swift */; };
/* End PBXBuildFile section */

/* Begin PBXFileReference section */
		13FA7A49224907E755F1B5F4 /* Pods-AtWork.debug.xcconfig */ = {isa = PBXFileReference; includeInIndex = 1; lastKnownFileType = text.xcconfig; name = "Pods-AtWork.debug.xcconfig"; path = "Pods/Target Support Files/Pods-AtWork/Pods-AtWork.debug.xcconfig"; sourceTree = "<group>"; };
		73EAB9FB4170EEC89F2940D6 /* Pods-AtWork.release.xcconfig */ = {isa = PBXFileReference; includeInIndex = 1; lastKnownFileType = text.xcconfig; name = "Pods-AtWork.release.xcconfig"; path = "Pods/Target Support Files/Pods-AtWork/Pods-AtWork.release.xcconfig"; sourceTree = "<group>"; };
		CB961AE095F295DB74AC91C4 /* Pods_AtWork.framework */ = {isa = PBXFileReference; explicitFileType = wrapper.framework; includeInIndex = 0; path = Pods_AtWork.framework; sourceTree = BUILT_PRODUCTS_DIR; };
		D86FC5832170632C0010E2D0 /* AtWork.app */ = {isa = PBXFileReference; explicitFileType = wrapper.application; includeInIndex = 0; path = AtWork.app; sourceTree = BUILT_PRODUCTS_DIR; };
		D86FC5862170632C0010E2D0 /* AppDelegate.swift */ = {isa = PBXFileReference; lastKnownFileType = sourcecode.swift; path = AppDelegate.swift; sourceTree = "<group>"; };
		D86FC5882170632C0010E2D0 /* MainViewController.swift */ = {isa = PBXFileReference; lastKnownFileType = sourcecode.swift; path = MainViewController.swift; sourceTree = "<group>"; };
		D86FC58B2170632C0010E2D0 /* Base */ = {isa = PBXFileReference; lastKnownFileType = file.storyboard; name = Base; path = Base.lproj/Main.storyboard; sourceTree = "<group>"; };
		D86FC58D2170632E0010E2D0 /* Assets.xcassets */ = {isa = PBXFileReference; lastKnownFileType = folder.assetcatalog; path = Assets.xcassets; sourceTree = "<group>"; };
		D86FC5902170632E0010E2D0 /* Base */ = {isa = PBXFileReference; lastKnownFileType = file.storyboard; name = Base; path = Base.lproj/LaunchScreen.storyboard; sourceTree = "<group>"; };
		D86FC5922170632E0010E2D0 /* Info.plist */ = {isa = PBXFileReference; lastKnownFileType = text.plist.xml; path = Info.plist; sourceTree = "<group>"; };
		D86FC59C217065B40010E2D0 /* Tool.swift */ = {isa = PBXFileReference; lastKnownFileType = sourcecode.swift; path = Tool.swift; sourceTree = "<group>"; };
/* End PBXFileReference section */

/* Begin PBXFrameworksBuildPhase section */
		D86FC5802170632C0010E2D0 /* Frameworks */ = {
			isa = PBXFrameworksBuildPhase;
			buildActionMask = 2147483647;
			files = (
				A55F505F2ABEF5344CAD3FA0 /* Pods_AtWork.framework in Frameworks */,
			);
			runOnlyForDeploymentPostprocessing = 0;
		};
/* End PBXFrameworksBuildPhase section */

/* Begin PBXGroup section */
		A528CAB1CDDCAD8357D77630 /* Frameworks */ = {
			isa = PBXGroup;
			children = (
				CB961AE095F295DB74AC91C4 /* Pods_AtWork.framework */,
			);
			name = Frameworks;
			sourceTree = "<group>";
		};
		B53283E7D270D1606650AC11 /* Pods */ = {
			isa = PBXGroup;
			children = (
				13FA7A49224907E755F1B5F4 /* Pods-AtWork.debug.xcconfig */,
				73EAB9FB4170EEC89F2940D6 /* Pods-AtWork.release.xcconfig */,
			);
			name = Pods;
			sourceTree = "<group>";
		};
		D86FC57A2170632C0010E2D0 = {
			isa = PBXGroup;
			children = (
				D86FC5852170632C0010E2D0 /* AtWork */,
				D86FC5842170632C0010E2D0 /* Products */,
				B53283E7D270D1606650AC11 /* Pods */,
				A528CAB1CDDCAD8357D77630 /* Frameworks */,
			);
			sourceTree = "<group>";
		};
		D86FC5842170632C0010E2D0 /* Products */ = {
			isa = PBXGroup;
			children = (
				D86FC5832170632C0010E2D0 /* AtWork.app */,
			);
			name = Products;
			sourceTree = "<group>";
		};
		D86FC5852170632C0010E2D0 /* AtWork */ = {
			isa = PBXGroup;
			children = (
				D86FC59B2170656E0010E2D0 /* model */,
				D86FC598217065470010E2D0 /* view */,
				D86FC5992170654E0010E2D0 /* controller */,
				D86FC5862170632C0010E2D0 /* AppDelegate.swift */,
				D86FC58D2170632E0010E2D0 /* Assets.xcassets */,
				D86FC5922170632E0010E2D0 /* Info.plist */,
			);
			path = AtWork;
			sourceTree = "<group>";
		};
		D86FC598217065470010E2D0 /* view */ = {
			isa = PBXGroup;
			children = (
				D86FC58A2170632C0010E2D0 /* Main.storyboard */,
				D86FC58F2170632E0010E2D0 /* LaunchScreen.storyboard */,
			);
			path = view;
			sourceTree = "<group>";
		};
		D86FC5992170654E0010E2D0 /* controller */ = {
			isa = PBXGroup;
			children = (
				D86FC5882170632C0010E2D0 /* MainViewController.swift */,
			);
			path = controller;
			sourceTree = "<group>";
		};
		D86FC59B2170656E0010E2D0 /* model */ = {
			isa = PBXGroup;
			children = (
				D86FC59C217065B40010E2D0 /* Tool.swift */,
			);
			path = model;
			sourceTree = "<group>";
		};
/* End PBXGroup section */

/* Begin PBXNativeTarget section */
		D86FC5822170632C0010E2D0 /* AtWork */ = {
			isa = PBXNativeTarget;
			buildConfigurationList = D86FC5952170632E0010E2D0 /* Build configuration list for PBXNativeTarget "AtWork" */;
			buildPhases = (
				7D7E41D53462A4C033F6E88B /* [CP] Check Pods Manifest.lock */,
				D86FC57F2170632C0010E2D0 /* Sources */,
				D86FC5802170632C0010E2D0 /* Frameworks */,
				D86FC5812170632C0010E2D0 /* Resources */,
				686D9745B093B2CA13657F64 /* [CP] Embed Pods Frameworks */,
			);
			buildRules = (
			);
			dependencies = (
			);
			name = AtWork;
			productName = AtWork;
			productReference = D86FC5832170632C0010E2D0 /* AtWork.app */;
			productType = "com.apple.product-type.application";
		};
/* End PBXNativeTarget section */

/* Begin PBXProject section */
		D86FC57B2170632C0010E2D0 /* Project object */ = {
			isa = PBXProject;
			attributes = {
				LastSwiftUpdateCheck = 0940;
				LastUpgradeCheck = 0940;
				ORGANIZATIONNAME = mrenmajozi;
				TargetAttributes = {
					D86FC5822170632C0010E2D0 = {
						CreatedOnToolsVersion = 9.4.1;
					};
				};
			};
			buildConfigurationList = D86FC57E2170632C0010E2D0 /* Build configuration list for PBXProject "AtWork" */;
			compatibilityVersion = "Xcode 9.3";
			developmentRegion = en;
			hasScannedForEncodings = 0;
			knownRegions = (
				en,
				Base,
			);
			mainGroup = D86FC57A2170632C0010E2D0;
			productRefGroup = D86FC5842170632C0010E2D0 /* Products */;
			projectDirPath = "";
			projectRoot = "";
			targets = (
				D86FC5822170632C0010E2D0 /* AtWork */,
			);
		};
/* End PBXProject section */

/* Begin PBXResourcesBuildPhase section */
		D86FC5812170632C0010E2D0 /* Resources */ = {
			isa = PBXResourcesBuildPhase;
			buildActionMask = 2147483647;
			files = (
				D86FC5912170632E0010E2D0 /* LaunchScreen.storyboard in Resources */,
				D86FC58E2170632E0010E2D0 /* Assets.xcassets in Resources */,
				D86FC58C2170632C0010E2D0 /* Main.storyboard in Resources */,
			);
			runOnlyForDeploymentPostprocessing = 0;
		};
/* End PBXResourcesBuildPhase section */

/* Begin PBXShellScriptBuildPhase section */
		686D9745B093B2CA13657F64 /* [CP] Embed Pods Frameworks */ = {
			isa = PBXShellScriptBuildPhase;
			buildActionMask = 2147483647;
			files = (
			);
			inputFileListPaths = (
			);
			inputPaths = (
				"${SRCROOT}/Pods/Target Support Files/Pods-AtWork/Pods-AtWork-frameworks.sh",
				"${PODS_ROOT}/Mapbox-iOS-SDK/dynamic/Mapbox.framework",
				"${PODS_ROOT}/Mapbox-iOS-SDK/dynamic/Mapbox.framework.dSYM",
				"${BUILT_PRODUCTS_DIR}/MapboxCoreNavigation/MapboxCoreNavigation.framework",
				"${BUILT_PRODUCTS_DIR}/MapboxDirections.swift/MapboxDirections.framework",
				"${BUILT_PRODUCTS_DIR}/MapboxGeocoder.swift/MapboxGeocoder.framework",
				"${BUILT_PRODUCTS_DIR}/MapboxMobileEvents/MapboxMobileEvents.framework",
				"${BUILT_PRODUCTS_DIR}/MapboxNavigation/MapboxNavigation.framework",
				"${PODS_ROOT}/MapboxNavigationNative/MapboxNavigationNative.framework",
				"${PODS_ROOT}/MapboxNavigationNative/MapboxNavigationNative.framework.dSYM",
				"${BUILT_PRODUCTS_DIR}/MapboxSpeech/MapboxSpeech.framework",
				"${BUILT_PRODUCTS_DIR}/Polyline/Polyline.framework",
				"${BUILT_PRODUCTS_DIR}/Solar/Solar.framework",
				"${BUILT_PRODUCTS_DIR}/Turf/Turf.framework",
			);
			name = "[CP] Embed Pods Frameworks";
			outputFileListPaths = (
			);
			outputPaths = (
				"${TARGET_BUILD_DIR}/${FRAMEWORKS_FOLDER_PATH}/Mapbox.framework",
				"${DWARF_DSYM_FOLDER_PATH}/Mapbox.framework.dSYM",
				"${TARGET_BUILD_DIR}/${FRAMEWORKS_FOLDER_PATH}/MapboxCoreNavigation.framework",
				"${TARGET_BUILD_DIR}/${FRAMEWORKS_FOLDER_PATH}/MapboxDirections.framework",
				"${TARGET_BUILD_DIR}/${FRAMEWORKS_FOLDER_PATH}/MapboxGeocoder.framework",
				"${TARGET_BUILD_DIR}/${FRAMEWORKS_FOLDER_PATH}/MapboxMobileEvents.framework",
				"${TARGET_BUILD_DIR}/${FRAMEWORKS_FOLDER_PATH}/MapboxNavigation.framework",
				"${TARGET_BUILD_DIR}/${FRAMEWORKS_FOLDER_PATH}/MapboxNavigationNative.framework",
				"${DWARF_DSYM_FOLDER_PATH}/MapboxNavigationNative.framework.dSYM",
				"${TARGET_BUILD_DIR}/${FRAMEWORKS_FOLDER_PATH}/MapboxSpeech.framework",
				"${TARGET_BUILD_DIR}/${FRAMEWORKS_FOLDER_PATH}/Polyline.framework",
				"${TARGET_BUILD_DIR}/${FRAMEWORKS_FOLDER_PATH}/Solar.framework",
				"${TARGET_BUILD_DIR}/${FRAMEWORKS_FOLDER_PATH}/Turf.framework",
			);
			runOnlyForDeploymentPostprocessing = 0;
			shellPath = /bin/sh;
			shellScript = "\"${SRCROOT}/Pods/Target Support Files/Pods-AtWork/Pods-AtWork-frameworks.sh\"\n";
			showEnvVarsInLog = 0;
		};
		7D7E41D53462A4C033F6E88B /* [CP] Check Pods Manifest.lock */ = {
			isa = PBXShellScriptBuildPhase;
			buildActionMask = 2147483647;
			files = (
			);
			inputFileListPaths = (
			);
			inputPaths = (
				"${PODS_PODFILE_DIR_PATH}/Podfile.lock",
				"${PODS_ROOT}/Manifest.lock",
			);
			name = "[CP] Check Pods Manifest.lock";
			outputFileListPaths = (
			);
			outputPaths = (
				"$(DERIVED_FILE_DIR)/Pods-AtWork-checkManifestLockResult.txt",
			);
			runOnlyForDeploymentPostprocessing = 0;
			shellPath = /bin/sh;
			shellScript = "diff \"${PODS_PODFILE_DIR_PATH}/Podfile.lock\" \"${PODS_ROOT}/Manifest.lock\" > /dev/null\nif [ $? != 0 ] ; then\n    # print error to STDERR\n    echo \"error: The sandbox is not in sync with the Podfile.lock. Run 'pod install' or update your CocoaPods installation.\" >&2\n    exit 1\nfi\n# This output is used by Xcode 'outputs' to avoid re-running this script phase.\necho \"SUCCESS\" > \"${SCRIPT_OUTPUT_FILE_0}\"\n";
			showEnvVarsInLog = 0;
		};
/* End PBXShellScriptBuildPhase section */

/* Begin PBXSourcesBuildPhase section */
		D86FC57F2170632C0010E2D0 /* Sources */ = {
			isa = PBXSourcesBuildPhase;
			buildActionMask = 2147483647;
			files = (
				D86FC59D217065B40010E2D0 /* Tool.swift in Sources */,
				D86FC5892170632C0010E2D0 /* MainViewController.swift in Sources */,
				D86FC5872170632C0010E2D0 /* AppDelegate.swift in Sources */,
			);
			runOnlyForDeploymentPostprocessing = 0;
		};
/* End PBXSourcesBuildPhase section */

/* Begin PBXVariantGroup section */
		D86FC58A2170632C0010E2D0 /* Main.storyboard */ = {
			isa = PBXVariantGroup;
			children = (
				D86FC58B2170632C0010E2D0 /* Base */,
			);
			name = Main.storyboard;
			sourceTree = "<group>";
		};
		D86FC58F2170632E0010E2D0 /* LaunchScreen.storyboard */ = {
			isa = PBXVariantGroup;
			children = (
				D86FC5902170632E0010E2D0 /* Base */,
			);
			name = LaunchScreen.storyboard;
			sourceTree = "<group>";
		};
/* End PBXVariantGroup section */

/* Begin XCBuildConfiguration section */
		D86FC5932170632E0010E2D0 /* Debug */ = {
			isa = XCBuildConfiguration;
			buildSettings = {
				ALWAYS_SEARCH_USER_PATHS = NO;
				CLANG_ANALYZER_NONNULL = YES;
				CLANG_ANALYZER_NUMBER_OBJECT_CONVERSION = YES_AGGRESSIVE;
				CLANG_CXX_LANGUAGE_STANDARD = "gnu++14";
				CLANG_CXX_LIBRARY = "libc++";
				CLANG_ENABLE_MODULES = YES;
				CLANG_ENABLE_OBJC_ARC = YES;
				CLANG_ENABLE_OBJC_WEAK = YES;
				CLANG_WARN_BLOCK_CAPTURE_AUTORELEASING = YES;
				CLANG_WARN_BOOL_CONVERSION = YES;
				CLANG_WARN_COMMA = YES;
				CLANG_WARN_CONSTANT_CONVERSION = YES;
				CLANG_WARN_DEPRECATED_OBJC_IMPLEMENTATIONS = YES;
				CLANG_WARN_DIRECT_OBJC_ISA_USAGE = YES_ERROR;
				CLANG_WARN_DOCUMENTATION_COMMENTS = YES;
				CLANG_WARN_EMPTY_BODY = YES;
				CLANG_WARN_ENUM_CONVERSION = YES;
				CLANG_WARN_INFINITE_RECURSION = YES;
				CLANG_WARN_INT_CONVERSION = YES;
				CLANG_WARN_NON_LITERAL_NULL_CONVERSION = YES;
				CLANG_WARN_OBJC_IMPLICIT_RETAIN_SELF = YES;
				CLANG_WARN_OBJC_LITERAL_CONVERSION = YES;
				CLANG_WARN_OBJC_ROOT_CLASS = YES_ERROR;
				CLANG_WARN_RANGE_LOOP_ANALYSIS = YES;
				CLANG_WARN_STRICT_PROTOTYPES = YES;
				CLANG_WARN_SUSPICIOUS_MOVE = YES;
				CLANG_WARN_UNGUARDED_AVAILABILITY = YES_AGGRESSIVE;
				CLANG_WARN_UNREACHABLE_CODE = YES;
				CLANG_WARN__DUPLICATE_METHOD_MATCH = YES;
				CODE_SIGN_IDENTITY = "iPhone Developer";
				COPY_PHASE_STRIP = NO;
				DEBUG_INFORMATION_FORMAT = dwarf;
				ENABLE_STRICT_OBJC_MSGSEND = YES;
				ENABLE_TESTABILITY = YES;
				GCC_C_LANGUAGE_STANDARD = gnu11;
				GCC_DYNAMIC_NO_PIC = NO;
				GCC_NO_COMMON_BLOCKS = YES;
				GCC_OPTIMIZATION_LEVEL = 0;
				GCC_PREPROCESSOR_DEFINITIONS = (
					"DEBUG=1",
					"$(inherited)",
				);
				GCC_WARN_64_TO_32_BIT_CONVERSION = YES;
				GCC_WARN_ABOUT_RETURN_TYPE = YES_ERROR;
				GCC_WARN_UNDECLARED_SELECTOR = YES;
				GCC_WARN_UNINITIALIZED_AUTOS = YES_AGGRESSIVE;
				GCC_WARN_UNUSED_FUNCTION = YES;
				GCC_WARN_UNUSED_VARIABLE = YES;
				IPHONEOS_DEPLOYMENT_TARGET = 11.4;
				MTL_ENABLE_DEBUG_INFO = YES;
				ONLY_ACTIVE_ARCH = YES;
				SDKROOT = iphoneos;
				SWIFT_ACTIVE_COMPILATION_CONDITIONS = DEBUG;
				SWIFT_OPTIMIZATION_LEVEL = "-Onone";
			};
			name = Debug;
		};
		D86FC5942170632E0010E2D0 /* Release */ = {
			isa = XCBuildConfiguration;
			buildSettings = {
				ALWAYS_SEARCH_USER_PATHS = NO;
				CLANG_ANALYZER_NONNULL = YES;
				CLANG_ANALYZER_NUMBER_OBJECT_CONVERSION = YES_AGGRESSIVE;
				CLANG_CXX_LANGUAGE_STANDARD = "gnu++14";
				CLANG_CXX_LIBRARY = "libc++";
				CLANG_ENABLE_MODULES = YES;
				CLANG_ENABLE_OBJC_ARC = YES;
				CLANG_ENABLE_OBJC_WEAK = YES;
				CLANG_WARN_BLOCK_CAPTURE_AUTORELEASING = YES;
				CLANG_WARN_BOOL_CONVERSION = YES;
				CLANG_WARN_COMMA = YES;
				CLANG_WARN_CONSTANT_CONVERSION = YES;
				CLANG_WARN_DEPRECATED_OBJC_IMPLEMENTATIONS = YES;
				CLANG_WARN_DIRECT_OBJC_ISA_USAGE = YES_ERROR;
				CLANG_WARN_DOCUMENTATION_COMMENTS = YES;
				CLANG_WARN_EMPTY_BODY = YES;
				CLANG_WARN_ENUM_CONVERSION = YES;
				CLANG_WARN_INFINITE_RECURSION = YES;
				CLANG_WARN_INT_CONVERSION = YES;
				CLANG_WARN_NON_LITERAL_NULL_CONVERSION = YES;
				CLANG_WARN_OBJC_IMPLICIT_RETAIN_SELF = YES;
				CLANG_WARN_OBJC_LITERAL_CONVERSION = YES;
				CLANG_WARN_OBJC_ROOT_CLASS = YES_ERROR;
				CLANG_WARN_RANGE_LOOP_ANALYSIS = YES;
				CLANG_WARN_STRICT_PROTOTYPES = YES;
				CLANG_WARN_SUSPICIOUS_MOVE = YES;
				CLANG_WARN_UNGUARDED_AVAILABILITY = YES_AGGRESSIVE;
				CLANG_WARN_UNREACHABLE_CODE = YES;
				CLANG_WARN__DUPLICATE_METHOD_MATCH = YES;
				CODE_SIGN_IDENTITY = "iPhone Developer";
				COPY_PHASE_STRIP = NO;
				DEBUG_INFORMATION_FORMAT = "dwarf-with-dsym";
				ENABLE_NS_ASSERTIONS = NO;
				ENABLE_STRICT_OBJC_MSGSEND = YES;
				GCC_C_LANGUAGE_STANDARD = gnu11;
				GCC_NO_COMMON_BLOCKS = YES;
				GCC_WARN_64_TO_32_BIT_CONVERSION = YES;
				GCC_WARN_ABOUT_RETURN_TYPE = YES_ERROR;
				GCC_WARN_UNDECLARED_SELECTOR = YES;
				GCC_WARN_UNINITIALIZED_AUTOS = YES_AGGRESSIVE;
				GCC_WARN_UNUSED_FUNCTION = YES;
				GCC_WARN_UNUSED_VARIABLE = YES;
				IPHONEOS_DEPLOYMENT_TARGET = 11.4;
				MTL_ENABLE_DEBUG_INFO = NO;
				SDKROOT = iphoneos;
				SWIFT_COMPILATION_MODE = wholemodule;
				SWIFT_OPTIMIZATION_LEVEL = "-O";
				VALIDATE_PRODUCT = YES;
			};
			name = Release;
		};
		D86FC5962170632E0010E2D0 /* Debug */ = {
			isa = XCBuildConfiguration;
			baseConfigurationReference = 13FA7A49224907E755F1B5F4 /* Pods-AtWork.debug.xcconfig */;
			buildSettings = {
				ASSETCATALOG_COMPILER_APPICON_NAME = AppIcon;
				CODE_SIGN_STYLE = Automatic;
				INFOPLIST_FILE = AtWork/Info.plist;
				LD_RUNPATH_SEARCH_PATHS = (
					"$(inherited)",
					"@executable_path/Frameworks",
				);
				PRODUCT_BUNDLE_IDENTIFIER = com.mrenmajozi.AtWork;
				PRODUCT_NAME = "$(TARGET_NAME)";
				SWIFT_VERSION = 4.0;
				TARGETED_DEVICE_FAMILY = "1,2";
			};
			name = Debug;
		};
		D86FC5972170632E0010E2D0 /* Release */ = {
			isa = XCBuildConfiguration;
			baseConfigurationReference = 73EAB9FB4170EEC89F2940D6 /* Pods-AtWork.release.xcconfig */;
			buildSettings = {
				ASSETCATALOG_COMPILER_APPICON_NAME = AppIcon;
				CODE_SIGN_STYLE = Automatic;
				INFOPLIST_FILE = AtWork/Info.plist;
				LD_RUNPATH_SEARCH_PATHS = (
					"$(inherited)",
					"@executable_path/Frameworks",
				);
				PRODUCT_BUNDLE_IDENTIFIER = com.mrenmajozi.AtWork;
				PRODUCT_NAME = "$(TARGET_NAME)";
				SWIFT_VERSION = 4.0;
				TARGETED_DEVICE_FAMILY = "1,2";
			};
			name = Release;
		};
/* End XCBuildConfiguration section */

/* Begin XCConfigurationList section */
		D86FC57E2170632C0010E2D0 /* Build configuration list for PBXProject "AtWork" */ = {
			isa = XCConfigurationList;
			buildConfigurations = (
				D86FC5932170632E0010E2D0 /* Debug */,
				D86FC5942170632E0010E2D0 /* Release */,
			);
			defaultConfigurationIsVisible = 0;
			defaultConfigurationName = Release;
		};
		D86FC5952170632E0010E2D0 /* Build configuration list for PBXNativeTarget "AtWork" */ = {
			isa = XCConfigurationList;
			buildConfigurations = (
				D86FC5962170632E0010E2D0 /* Debug */,
				D86FC5972170632E0010E2D0 /* Release */,
			);
			defaultConfigurationIsVisible = 0;
			defaultConfigurationName = Release;
		};
/* End XCConfigurationList section */
	};
	rootObject = D86FC57B2170632C0010E2D0 /* Project object */;
}
